{
  "name": "our_finances_typescript",
  "version": "1.0.0",
  "lockfileVersion": 3,
  "requires": true,
  "packages": {
    "": {
      "name": "our_finances_typescript",
      "version": "1.0.0",
      "license": "ISC",
      "devDependencies": {
        "@types/google-apps-script": "^1.0.99",
        "typescript": "^5.8.3"
      }
    },
    "node_modules/@types/google-apps-script": {
      "version": "1.0.99",
      "resolved": "https://registry.npmjs.org/@types/google-apps-script/-/google-apps-script-1.0.99.tgz",
      "integrity": "sha512-JrOXCWxYmY1ePWZXQxegrVMdXS0vuN69AMUfDIvfz5aLZ+El5JcYllwzeXeFC1YoM3lMWtPNGjgeTxlz8jih6w==",
      "dev": true,
      "license": "MIT"
    },
    "node_modules/typescript": {
      "version": "5.8.3",
      "resolved": "https://registry.npmjs.org/typescript/-/typescript-5.8.3.tgz",
      "integrity": "sha512-p1diW6TqL9L07nNxvRMM7hMMw4c5XOo/1ibL4aAIGmSAt9slTE1Xgw5KWuof2uTOvCg9BY7ZRi+GaF+7sfgPeQ==",
      "dev": true,
      "license": "Apache-2.0",
      "bin": {
        "tsc": "bin/tsc",
        "tsserver": "bin/tsserver"
      },
      "engines": {
        "node": ">=14.17"
      }
    }
  }
}
